
Microsoft Visual Studio Solution File, Format Version 12.00
# Visual Studio 15
VisualStudioVersion = 15.0.28307.1585
MinimumVisualStudioVersion = 10.0.40219.1
Project("{FAE04EC0-301F-11D3-BF4B-00C04F79EFBC}") = "Calculando_Bhaskara", "Calculando_Bhaskara\Calculando_Bhaskara.csproj", "{28CCC904-0373-4760-890F-A5ABA346466F}"
EndProject
Global
	GlobalSection(SolutionConfigurationPlatforms) = preSolution
		Debug|Any CPU = Debug|Any CPU
		Release|Any CPU = Release|Any CPU
	EndGlobalSection
	GlobalSection(ProjectConfigurationPlatforms) = postSolution
		{28CCC904-0373-4760-890F-A5ABA346466F}.Debug|Any CPU.ActiveCfg = Debug|Any CPU
		{28CCC904-0373-4760-890F-A5ABA346466F}.Debug|Any CPU.Build.0 = Debug|Any CPU
		{28CCC904-0373-4760-890F-A5ABA346466F}.Release|Any CPU.ActiveCfg = Release|Any CPU
		{28CCC904-0373-4760-890F-A5ABA346466F}.Release|Any CPU.Build.0 = Release|Any CPU
	EndGlobalSection
	GlobalSection(SolutionProperties) = preSolution
		HideSolutionNode = FALSE
	EndGlobalSection
	GlobalSection(ExtensibilityGlobals) = postSolution
		SolutionGuid = {886A845C-99D4-4D05-8F90-CB01F4C8449E}
	EndGlobalSection
EndGlobal
