
Microsoft Visual Studio Solution File, Format Version 12.00
# Visual Studio 15
VisualStudioVersion = 15.0.28307.1585
MinimumVisualStudioVersion = 10.0.40219.1
Project("{FAE04EC0-301F-11D3-BF4B-00C04F79EFBC}") = "Soma-dos-numeros", "Soma-dos-numeros\Soma-dos-numeros.csproj", "{D6439993-93AC-4522-A113-5B2637423C59}"
EndProject
Global
	GlobalSection(SolutionConfigurationPlatforms) = preSolution
		Debug|Any CPU = Debug|Any CPU
		Release|Any CPU = Release|Any CPU
	EndGlobalSection
	GlobalSection(ProjectConfigurationPlatforms) = postSolution
		{D6439993-93AC-4522-A113-5B2637423C59}.Debug|Any CPU.ActiveCfg = Debug|Any CPU
		{D6439993-93AC-4522-A113-5B2637423C59}.Debug|Any CPU.Build.0 = Debug|Any CPU
		{D6439993-93AC-4522-A113-5B2637423C59}.Release|Any CPU.ActiveCfg = Release|Any CPU
		{D6439993-93AC-4522-A113-5B2637423C59}.Release|Any CPU.Build.0 = Release|Any CPU
	EndGlobalSection
	GlobalSection(SolutionProperties) = preSolution
		HideSolutionNode = FALSE
	EndGlobalSection
	GlobalSection(ExtensibilityGlobals) = postSolution
		SolutionGuid = {FDCD148B-76B6-4803-A1EF-DF65B6BB56E7}
	EndGlobalSection
EndGlobal
