
Microsoft Visual Studio Solution File, Format Version 12.00
# Visual Studio 15
VisualStudioVersion = 15.0.28307.1585
MinimumVisualStudioVersion = 10.0.40219.1
Project("{FAE04EC0-301F-11D3-BF4B-00C04F79EFBC}") = "Multiplo-de-3", "Multiplo-de-3\Multiplo-de-3.csproj", "{AF11A61E-DC8D-4B22-81C9-EFA18F3327FA}"
EndProject
Global
	GlobalSection(SolutionConfigurationPlatforms) = preSolution
		Debug|Any CPU = Debug|Any CPU
		Release|Any CPU = Release|Any CPU
	EndGlobalSection
	GlobalSection(ProjectConfigurationPlatforms) = postSolution
		{AF11A61E-DC8D-4B22-81C9-EFA18F3327FA}.Debug|Any CPU.ActiveCfg = Debug|Any CPU
		{AF11A61E-DC8D-4B22-81C9-EFA18F3327FA}.Debug|Any CPU.Build.0 = Debug|Any CPU
		{AF11A61E-DC8D-4B22-81C9-EFA18F3327FA}.Release|Any CPU.ActiveCfg = Release|Any CPU
		{AF11A61E-DC8D-4B22-81C9-EFA18F3327FA}.Release|Any CPU.Build.0 = Release|Any CPU
	EndGlobalSection
	GlobalSection(SolutionProperties) = preSolution
		HideSolutionNode = FALSE
	EndGlobalSection
	GlobalSection(ExtensibilityGlobals) = postSolution
		SolutionGuid = {C5E70F9C-FF9E-4306-89AA-94688D501932}
	EndGlobalSection
EndGlobal
